// !$*UTF8*$!
{
	archiveVersion = 1;
	classes = {
	};
	objectVersion = 56;
	objects = {

/* Begin PBXBuildFile section */
		00AD092B2AFA575100F2A120 /* ProductSearchView.swift in Sources */ = {isa = PBXBuildFile; fileRef = 00AD092A2AFA575100F2A120 /* ProductSearchView.swift */; };
		00AD092E2AFA823900F2A120 /* ImageGalleryView.swift in Sources */ = {isa = PBXBuildFile; fileRef = 00AD092D2AFA823900F2A120 /* ImageGalleryView.swift */; };
		00AD09302AFA8B7A00F2A120 /* test.swift in Sources */ = {isa = PBXBuildFile; fileRef = 00AD092F2AFA8B7A00F2A120 /* test.swift */; };
		00BBF53B2AE7FBF000BE19ED /* Networking.swift in Sources */ = {isa = PBXBuildFile; fileRef = 00BBF53A2AE7FBF000BE19ED /* Networking.swift */; };
		00BBF53D2AE7FC3000BE19ED /* ApiEndPoint.swift in Sources */ = {isa = PBXBuildFile; fileRef = 00BBF53C2AE7FC3000BE19ED /* ApiEndPoint.swift */; };
		00BBF53F2AE7FCBC00BE19ED /* NetworkError.swift in Sources */ = {isa = PBXBuildFile; fileRef = 00BBF53E2AE7FCBC00BE19ED /* NetworkError.swift */; };
		00BBF5412AE7FCE700BE19ED /* NetworkManager.swift in Sources */ = {isa = PBXBuildFile; fileRef = 00BBF5402AE7FCE700BE19ED /* NetworkManager.swift */; };
		00BBF5432AE7FE1800BE19ED /* OnlineStore.swift in Sources */ = {isa = PBXBuildFile; fileRef = 00BBF5422AE7FE1800BE19ED /* OnlineStore.swift */; };
		00BBF5462AE7FEAE00BE19ED /* ProductRepository.swift in Sources */ = {isa = PBXBuildFile; fileRef = 00BBF5452AE7FEAE00BE19ED /* ProductRepository.swift */; };
		00BBF5482AE7FFCC00BE19ED /* ProductViewModel.swift in Sources */ = {isa = PBXBuildFile; fileRef = 00BBF5472AE7FFCC00BE19ED /* ProductViewModel.swift */; };
		00BBF54A2AE8009600BE19ED /* ViewState.swift in Sources */ = {isa = PBXBuildFile; fileRef = 00BBF5492AE8009600BE19ED /* ViewState.swift */; };
		00BBF5542AE8028600BE19ED /* OnboardingUIView.swift in Sources */ = {isa = PBXBuildFile; fileRef = 00BBF5532AE8028600BE19ED /* OnboardingUIView.swift */; };
		00BBF5562AE802A300BE19ED /* ProductsUIView.swift in Sources */ = {isa = PBXBuildFile; fileRef = 00BBF5552AE802A300BE19ED /* ProductsUIView.swift */; };
		00BBF5582AE802BE00BE19ED /* AuthRegisterUIView.swift in Sources */ = {isa = PBXBuildFile; fileRef = 00BBF5572AE802BE00BE19ED /* AuthRegisterUIView.swift */; };
		00BBF55C2AE803C000BE19ED /* ProductDetailUIView.swift in Sources */ = {isa = PBXBuildFile; fileRef = 00BBF55B2AE803C000BE19ED /* ProductDetailUIView.swift */; };
		00BBF55E2AE803DD00BE19ED /* ProductCellUIView.swift in Sources */ = {isa = PBXBuildFile; fileRef = 00BBF55D2AE803DD00BE19ED /* ProductCellUIView.swift */; };
		00BBF5642AE80CFE00BE19ED /* Styles.swift in Sources */ = {isa = PBXBuildFile; fileRef = 00BBF5632AE80CFE00BE19ED /* Styles.swift */; };
		00BBF5662AE8330100BE19ED /* OvalTextFieldStyle.swift in Sources */ = {isa = PBXBuildFile; fileRef = 00BBF5652AE8330100BE19ED /* OvalTextFieldStyle.swift */; };
		00BBF5682AE833D200BE19ED /* UnderlineTextFieldView.swift in Sources */ = {isa = PBXBuildFile; fileRef = 00BBF5672AE833D200BE19ED /* UnderlineTextFieldView.swift */; };
		00BBF56A2AE8876B00BE19ED /* AuthLoginUIView.swift in Sources */ = {isa = PBXBuildFile; fileRef = 00BBF5692AE8876B00BE19ED /* AuthLoginUIView.swift */; };
		00BBF56C2AE8878700BE19ED /* AuthForgotPassUIView.swift in Sources */ = {isa = PBXBuildFile; fileRef = 00BBF56B2AE8878700BE19ED /* AuthForgotPassUIView.swift */; };
		00BBF5702AE913B800BE19ED /* Onboarding.swift in Sources */ = {isa = PBXBuildFile; fileRef = 00BBF56F2AE913B800BE19ED /* Onboarding.swift */; };
		00BBF5722AE9156200BE19ED /* WelcomeUIView.swift in Sources */ = {isa = PBXBuildFile; fileRef = 00BBF5712AE9156200BE19ED /* WelcomeUIView.swift */; };
		00BBF5742AE955EF00BE19ED /* ProductsHomeUIView.swift in Sources */ = {isa = PBXBuildFile; fileRef = 00BBF5732AE955EF00BE19ED /* ProductsHomeUIView.swift */; };
		00BBF5762AE9566200BE19ED /* ProductsCartUIView.swift in Sources */ = {isa = PBXBuildFile; fileRef = 00BBF5752AE9566200BE19ED /* ProductsCartUIView.swift */; };
		00BBF5782AE9568600BE19ED /* ProductsFavoritesUIView.swift in Sources */ = {isa = PBXBuildFile; fileRef = 00BBF5772AE9568600BE19ED /* ProductsFavoritesUIView.swift */; };
		00BBF57A2AE956A700BE19ED /* ProductsProfileUIView.swift in Sources */ = {isa = PBXBuildFile; fileRef = 00BBF5792AE956A700BE19ED /* ProductsProfileUIView.swift */; };
		00BBF57E2AE97B2200BE19ED /* SearchBar.swift in Sources */ = {isa = PBXBuildFile; fileRef = 00BBF57D2AE97B2200BE19ED /* SearchBar.swift */; };
		00BBF5842AE99CD300BE19ED /* FilterUIView.swift in Sources */ = {isa = PBXBuildFile; fileRef = 00BBF5832AE99CD300BE19ED /* FilterUIView.swift */; };
		00BBF5872AEA7AA200BE19ED /* SequenceExtension.swift in Sources */ = {isa = PBXBuildFile; fileRef = 00BBF5862AEA7AA200BE19ED /* SequenceExtension.swift */; };
		00C834452AEEEB0A0029484A /* GoogleService-Info.plist in Resources */ = {isa = PBXBuildFile; fileRef = 00C834442AEEEB0A0029484A /* GoogleService-Info.plist */; };
		00C834482AEEEC860029484A /* FirebaseAnalytics in Frameworks */ = {isa = PBXBuildFile; productRef = 00C834472AEEEC860029484A /* FirebaseAnalytics */; };
		00C8344A2AEEEC860029484A /* FirebaseAuth in Frameworks */ = {isa = PBXBuildFile; productRef = 00C834492AEEEC860029484A /* FirebaseAuth */; };
		00C8344C2AEEEC860029484A /* FirebaseAuthCombine-Community in Frameworks */ = {isa = PBXBuildFile; productRef = 00C8344B2AEEEC860029484A /* FirebaseAuthCombine-Community */; };
		00C8344E2AEEEC860029484A /* FirebaseCrashlytics in Frameworks */ = {isa = PBXBuildFile; productRef = 00C8344D2AEEEC860029484A /* FirebaseCrashlytics */; };
		00C834502AEEEC860029484A /* FirebaseDatabase in Frameworks */ = {isa = PBXBuildFile; productRef = 00C8344F2AEEEC860029484A /* FirebaseDatabase */; };
		00C834522AEEEC860029484A /* FirebaseDatabaseSwift in Frameworks */ = {isa = PBXBuildFile; productRef = 00C834512AEEEC860029484A /* FirebaseDatabaseSwift */; };
		00C834542AEEEC860029484A /* FirebaseFirestore in Frameworks */ = {isa = PBXBuildFile; productRef = 00C834532AEEEC860029484A /* FirebaseFirestore */; };
		00C834562AEEEC860029484A /* FirebaseFirestoreCombine-Community in Frameworks */ = {isa = PBXBuildFile; productRef = 00C834552AEEEC860029484A /* FirebaseFirestoreCombine-Community */; };
		00C834582AEEEC860029484A /* FirebaseFirestoreSwift in Frameworks */ = {isa = PBXBuildFile; productRef = 00C834572AEEEC860029484A /* FirebaseFirestoreSwift */; };
		00C8345A2AEEEC860029484A /* FirebaseStorage in Frameworks */ = {isa = PBXBuildFile; productRef = 00C834592AEEEC860029484A /* FirebaseStorage */; };
		00C8345C2AEEEC860029484A /* FirebaseStorageCombine-Community in Frameworks */ = {isa = PBXBuildFile; productRef = 00C8345B2AEEEC860029484A /* FirebaseStorageCombine-Community */; };
		00C8345E2AF046360029484A /* LoginViewModel.swift in Sources */ = {isa = PBXBuildFile; fileRef = 00C8345D2AF046360029484A /* LoginViewModel.swift */; };
		00C834602AF046680029484A /* User.swift in Sources */ = {isa = PBXBuildFile; fileRef = 00C8345F2AF046680029484A /* User.swift */; };
		00C834622AF0FF030029484A /* FirebaseManager.swift in Sources */ = {isa = PBXBuildFile; fileRef = 00C834612AF0FF030029484A /* FirebaseManager.swift */; };
		00C834642AF157480029484A /* ProductCoreDataRepository.swift in Sources */ = {isa = PBXBuildFile; fileRef = 00C834632AF157480029484A /* ProductCoreDataRepository.swift */; };
		00C834662AF1C1EA0029484A /* DbCoreDataError.swift in Sources */ = {isa = PBXBuildFile; fileRef = 00C834652AF1C1EA0029484A /* DbCoreDataError.swift */; };
		00D2691B2AE17AC300CC6D93 /* ShoppingAppApp.swift in Sources */ = {isa = PBXBuildFile; fileRef = 00D2691A2AE17AC300CC6D93 /* ShoppingAppApp.swift */; };
		00D2691F2AE17AC500CC6D93 /* Assets.xcassets in Resources */ = {isa = PBXBuildFile; fileRef = 00D2691E2AE17AC500CC6D93 /* Assets.xcassets */; };
		00D269222AE17AC500CC6D93 /* Preview Assets.xcassets in Resources */ = {isa = PBXBuildFile; fileRef = 00D269212AE17AC500CC6D93 /* Preview Assets.xcassets */; };
		00D269242AE17AC500CC6D93 /* Persistence.swift in Sources */ = {isa = PBXBuildFile; fileRef = 00D269232AE17AC500CC6D93 /* Persistence.swift */; };
		00D269272AE17AC500CC6D93 /* ShoppingApp.xcdatamodeld in Sources */ = {isa = PBXBuildFile; fileRef = 00D269252AE17AC500CC6D93 /* ShoppingApp.xcdatamodeld */; };
		00D269312AE17AC500CC6D93 /* ShoppingAppTests.swift in Sources */ = {isa = PBXBuildFile; fileRef = 00D269302AE17AC500CC6D93 /* ShoppingAppTests.swift */; };
		00D2693B2AE17AC500CC6D93 /* ShoppingAppUITests.swift in Sources */ = {isa = PBXBuildFile; fileRef = 00D2693A2AE17AC500CC6D93 /* ShoppingAppUITests.swift */; };
		00D2693D2AE17AC500CC6D93 /* ShoppingAppUITestsLaunchTests.swift in Sources */ = {isa = PBXBuildFile; fileRef = 00D2693C2AE17AC500CC6D93 /* ShoppingAppUITestsLaunchTests.swift */; };
		00D269502AE17E9300CC6D93 /* Localizable.strings in Resources */ = {isa = PBXBuildFile; fileRef = 00D2694F2AE17E9300CC6D93 /* Localizable.strings */; };
		00D269522AE17EB500CC6D93 /* CacheAsyncImage.swift in Sources */ = {isa = PBXBuildFile; fileRef = 00D269512AE17EB500CC6D93 /* CacheAsyncImage.swift */; };
		00D269542AE17ED400CC6D93 /* ProductAsyncImageView.swift in Sources */ = {isa = PBXBuildFile; fileRef = 00D269532AE17ED400CC6D93 /* ProductAsyncImageView.swift */; };
/* End PBXBuildFile section */

/* Begin PBXContainerItemProxy section */
		00D2692D2AE17AC500CC6D93 /* PBXContainerItemProxy */ = {
			isa = PBXContainerItemProxy;
			containerPortal = 00D2690F2AE17AC300CC6D93 /* Project object */;
			proxyType = 1;
			remoteGlobalIDString = 00D269162AE17AC300CC6D93;
			remoteInfo = ShoppingApp;
		};
		00D269372AE17AC500CC6D93 /* PBXContainerItemProxy */ = {
			isa = PBXContainerItemProxy;
			containerPortal = 00D2690F2AE17AC300CC6D93 /* Project object */;
			proxyType = 1;
			remoteGlobalIDString = 00D269162AE17AC300CC6D93;
			remoteInfo = ShoppingApp;
		};
/* End PBXContainerItemProxy section */

/* Begin PBXFileReference section */
		00AD092A2AFA575100F2A120 /* ProductSearchView.swift */ = {isa = PBXFileReference; lastKnownFileType = sourcecode.swift; path = ProductSearchView.swift; sourceTree = "<group>"; };
		00AD092D2AFA823900F2A120 /* ImageGalleryView.swift */ = {isa = PBXFileReference; lastKnownFileType = sourcecode.swift; path = ImageGalleryView.swift; sourceTree = "<group>"; };
		00AD092F2AFA8B7A00F2A120 /* test.swift */ = {isa = PBXFileReference; lastKnownFileType = sourcecode.swift; path = test.swift; sourceTree = "<group>"; };
		00BBF53A2AE7FBF000BE19ED /* Networking.swift */ = {isa = PBXFileReference; lastKnownFileType = sourcecode.swift; path = Networking.swift; sourceTree = "<group>"; };
		00BBF53C2AE7FC3000BE19ED /* ApiEndPoint.swift */ = {isa = PBXFileReference; lastKnownFileType = sourcecode.swift; path = ApiEndPoint.swift; sourceTree = "<group>"; };
		00BBF53E2AE7FCBC00BE19ED /* NetworkError.swift */ = {isa = PBXFileReference; lastKnownFileType = sourcecode.swift; path = NetworkError.swift; sourceTree = "<group>"; };
		00BBF5402AE7FCE700BE19ED /* NetworkManager.swift */ = {isa = PBXFileReference; lastKnownFileType = sourcecode.swift; path = NetworkManager.swift; sourceTree = "<group>"; };
		00BBF5422AE7FE1800BE19ED /* OnlineStore.swift */ = {isa = PBXFileReference; lastKnownFileType = sourcecode.swift; path = OnlineStore.swift; sourceTree = "<group>"; };
		00BBF5452AE7FEAE00BE19ED /* ProductRepository.swift */ = {isa = PBXFileReference; lastKnownFileType = sourcecode.swift; path = ProductRepository.swift; sourceTree = "<group>"; };
		00BBF5472AE7FFCC00BE19ED /* ProductViewModel.swift */ = {isa = PBXFileReference; lastKnownFileType = sourcecode.swift; path = ProductViewModel.swift; sourceTree = "<group>"; };
		00BBF5492AE8009600BE19ED /* ViewState.swift */ = {isa = PBXFileReference; lastKnownFileType = sourcecode.swift; path = ViewState.swift; sourceTree = "<group>"; };
		00BBF5532AE8028600BE19ED /* OnboardingUIView.swift */ = {isa = PBXFileReference; lastKnownFileType = sourcecode.swift; path = OnboardingUIView.swift; sourceTree = "<group>"; };
		00BBF5552AE802A300BE19ED /* ProductsUIView.swift */ = {isa = PBXFileReference; lastKnownFileType = sourcecode.swift; path = ProductsUIView.swift; sourceTree = "<group>"; };
		00BBF5572AE802BE00BE19ED /* AuthRegisterUIView.swift */ = {isa = PBXFileReference; lastKnownFileType = sourcecode.swift; path = AuthRegisterUIView.swift; sourceTree = "<group>"; };
		00BBF55B2AE803C000BE19ED /* ProductDetailUIView.swift */ = {isa = PBXFileReference; lastKnownFileType = sourcecode.swift; path = ProductDetailUIView.swift; sourceTree = "<group>"; };
		00BBF55D2AE803DD00BE19ED /* ProductCellUIView.swift */ = {isa = PBXFileReference; lastKnownFileType = sourcecode.swift; path = ProductCellUIView.swift; sourceTree = "<group>"; };
		00BBF5632AE80CFE00BE19ED /* Styles.swift */ = {isa = PBXFileReference; lastKnownFileType = sourcecode.swift; path = Styles.swift; sourceTree = "<group>"; };
		00BBF5652AE8330100BE19ED /* OvalTextFieldStyle.swift */ = {isa = PBXFileReference; lastKnownFileType = sourcecode.swift; path = OvalTextFieldStyle.swift; sourceTree = "<group>"; };
		00BBF5672AE833D200BE19ED /* UnderlineTextFieldView.swift */ = {isa = PBXFileReference; lastKnownFileType = sourcecode.swift; path = UnderlineTextFieldView.swift; sourceTree = "<group>"; };
		00BBF5692AE8876B00BE19ED /* AuthLoginUIView.swift */ = {isa = PBXFileReference; lastKnownFileType = sourcecode.swift; path = AuthLoginUIView.swift; sourceTree = "<group>"; };
		00BBF56B2AE8878700BE19ED /* AuthForgotPassUIView.swift */ = {isa = PBXFileReference; lastKnownFileType = sourcecode.swift; path = AuthForgotPassUIView.swift; sourceTree = "<group>"; };
		00BBF56F2AE913B800BE19ED /* Onboarding.swift */ = {isa = PBXFileReference; lastKnownFileType = sourcecode.swift; path = Onboarding.swift; sourceTree = "<group>"; };
		00BBF5712AE9156200BE19ED /* WelcomeUIView.swift */ = {isa = PBXFileReference; lastKnownFileType = sourcecode.swift; path = WelcomeUIView.swift; sourceTree = "<group>"; };
		00BBF5732AE955EF00BE19ED /* ProductsHomeUIView.swift */ = {isa = PBXFileReference; lastKnownFileType = sourcecode.swift; path = ProductsHomeUIView.swift; sourceTree = "<group>"; };
		00BBF5752AE9566200BE19ED /* ProductsCartUIView.swift */ = {isa = PBXFileReference; lastKnownFileType = sourcecode.swift; path = ProductsCartUIView.swift; sourceTree = "<group>"; };
		00BBF5772AE9568600BE19ED /* ProductsFavoritesUIView.swift */ = {isa = PBXFileReference; lastKnownFileType = sourcecode.swift; path = ProductsFavoritesUIView.swift; sourceTree = "<group>"; };
		00BBF5792AE956A700BE19ED /* ProductsProfileUIView.swift */ = {isa = PBXFileReference; lastKnownFileType = sourcecode.swift; path = ProductsProfileUIView.swift; sourceTree = "<group>"; };
		00BBF57D2AE97B2200BE19ED /* SearchBar.swift */ = {isa = PBXFileReference; lastKnownFileType = sourcecode.swift; path = SearchBar.swift; sourceTree = "<group>"; };
		00BBF5832AE99CD300BE19ED /* FilterUIView.swift */ = {isa = PBXFileReference; lastKnownFileType = sourcecode.swift; path = FilterUIView.swift; sourceTree = "<group>"; };
		00BBF5862AEA7AA200BE19ED /* SequenceExtension.swift */ = {isa = PBXFileReference; lastKnownFileType = sourcecode.swift; path = SequenceExtension.swift; sourceTree = "<group>"; };
		00C834442AEEEB0A0029484A /* GoogleService-Info.plist */ = {isa = PBXFileReference; fileEncoding = 4; lastKnownFileType = text.plist.xml; path = "GoogleService-Info.plist"; sourceTree = "<group>"; };
		00C8345D2AF046360029484A /* LoginViewModel.swift */ = {isa = PBXFileReference; lastKnownFileType = sourcecode.swift; path = LoginViewModel.swift; sourceTree = "<group>"; };
		00C8345F2AF046680029484A /* User.swift */ = {isa = PBXFileReference; lastKnownFileType = sourcecode.swift; path = User.swift; sourceTree = "<group>"; };
		00C834612AF0FF030029484A /* FirebaseManager.swift */ = {isa = PBXFileReference; lastKnownFileType = sourcecode.swift; path = FirebaseManager.swift; sourceTree = "<group>"; };
		00C834632AF157480029484A /* ProductCoreDataRepository.swift */ = {isa = PBXFileReference; lastKnownFileType = sourcecode.swift; path = ProductCoreDataRepository.swift; sourceTree = "<group>"; };
		00C834652AF1C1EA0029484A /* DbCoreDataError.swift */ = {isa = PBXFileReference; lastKnownFileType = sourcecode.swift; path = DbCoreDataError.swift; sourceTree = "<group>"; };
		00D269172AE17AC300CC6D93 /* ShoppingApp.app */ = {isa = PBXFileReference; explicitFileType = wrapper.application; includeInIndex = 0; path = ShoppingApp.app; sourceTree = BUILT_PRODUCTS_DIR; };
		00D2691A2AE17AC300CC6D93 /* ShoppingAppApp.swift */ = {isa = PBXFileReference; lastKnownFileType = sourcecode.swift; path = ShoppingAppApp.swift; sourceTree = "<group>"; };
		00D2691E2AE17AC500CC6D93 /* Assets.xcassets */ = {isa = PBXFileReference; lastKnownFileType = folder.assetcatalog; path = Assets.xcassets; sourceTree = "<group>"; };
		00D269212AE17AC500CC6D93 /* Preview Assets.xcassets */ = {isa = PBXFileReference; lastKnownFileType = folder.assetcatalog; path = "Preview Assets.xcassets"; sourceTree = "<group>"; };
		00D269232AE17AC500CC6D93 /* Persistence.swift */ = {isa = PBXFileReference; lastKnownFileType = sourcecode.swift; path = Persistence.swift; sourceTree = "<group>"; };
		00D269262AE17AC500CC6D93 /* ShoppingApp.xcdatamodel */ = {isa = PBXFileReference; lastKnownFileType = wrapper.xcdatamodel; path = ShoppingApp.xcdatamodel; sourceTree = "<group>"; };
		00D2692C2AE17AC500CC6D93 /* ShoppingAppTests.xctest */ = {isa = PBXFileReference; explicitFileType = wrapper.cfbundle; includeInIndex = 0; path = ShoppingAppTests.xctest; sourceTree = BUILT_PRODUCTS_DIR; };
		00D269302AE17AC500CC6D93 /* ShoppingAppTests.swift */ = {isa = PBXFileReference; lastKnownFileType = sourcecode.swift; path = ShoppingAppTests.swift; sourceTree = "<group>"; };
		00D269362AE17AC500CC6D93 /* ShoppingAppUITests.xctest */ = {isa = PBXFileReference; explicitFileType = wrapper.cfbundle; includeInIndex = 0; path = ShoppingAppUITests.xctest; sourceTree = BUILT_PRODUCTS_DIR; };
		00D2693A2AE17AC500CC6D93 /* ShoppingAppUITests.swift */ = {isa = PBXFileReference; lastKnownFileType = sourcecode.swift; path = ShoppingAppUITests.swift; sourceTree = "<group>"; };
		00D2693C2AE17AC500CC6D93 /* ShoppingAppUITestsLaunchTests.swift */ = {isa = PBXFileReference; lastKnownFileType = sourcecode.swift; path = ShoppingAppUITestsLaunchTests.swift; sourceTree = "<group>"; };
		00D2694F2AE17E9300CC6D93 /* Localizable.strings */ = {isa = PBXFileReference; lastKnownFileType = text.plist.strings; path = Localizable.strings; sourceTree = "<group>"; };
		00D269512AE17EB500CC6D93 /* CacheAsyncImage.swift */ = {isa = PBXFileReference; lastKnownFileType = sourcecode.swift; path = CacheAsyncImage.swift; sourceTree = "<group>"; };
		00D269532AE17ED400CC6D93 /* ProductAsyncImageView.swift */ = {isa = PBXFileReference; lastKnownFileType = sourcecode.swift; path = ProductAsyncImageView.swift; sourceTree = "<group>"; };
/* End PBXFileReference section */

/* Begin PBXFrameworksBuildPhase section */
		00D269142AE17AC300CC6D93 /* Frameworks */ = {
			isa = PBXFrameworksBuildPhase;
			buildActionMask = 2147483647;
			files = (
				00C8345C2AEEEC860029484A /* FirebaseStorageCombine-Community in Frameworks */,
				00C834522AEEEC860029484A /* FirebaseDatabaseSwift in Frameworks */,
				00C834562AEEEC860029484A /* FirebaseFirestoreCombine-Community in Frameworks */,
				00C834502AEEEC860029484A /* FirebaseDatabase in Frameworks */,
				00C8345A2AEEEC860029484A /* FirebaseStorage in Frameworks */,
				00C834482AEEEC860029484A /* FirebaseAnalytics in Frameworks */,
				00C8344E2AEEEC860029484A /* FirebaseCrashlytics in Frameworks */,
				00C8344C2AEEEC860029484A /* FirebaseAuthCombine-Community in Frameworks */,
				00C8344A2AEEEC860029484A /* FirebaseAuth in Frameworks */,
				00C834542AEEEC860029484A /* FirebaseFirestore in Frameworks */,
				00C834582AEEEC860029484A /* FirebaseFirestoreSwift in Frameworks */,
			);
			runOnlyForDeploymentPostprocessing = 0;
		};
		00D269292AE17AC500CC6D93 /* Frameworks */ = {
			isa = PBXFrameworksBuildPhase;
			buildActionMask = 2147483647;
			files = (
			);
			runOnlyForDeploymentPostprocessing = 0;
		};
		00D269332AE17AC500CC6D93 /* Frameworks */ = {
			isa = PBXFrameworksBuildPhase;
			buildActionMask = 2147483647;
			files = (
			);
			runOnlyForDeploymentPostprocessing = 0;
		};
/* End PBXFrameworksBuildPhase section */

/* Begin PBXGroup section */
		00BBF54D2AE8020700BE19ED /* OnBoarding */ = {
			isa = PBXGroup;
			children = (
				00BBF5532AE8028600BE19ED /* OnboardingUIView.swift */,
				00BBF5712AE9156200BE19ED /* WelcomeUIView.swift */,
			);
			path = OnBoarding;
			sourceTree = "<group>";
		};
		00BBF54E2AE8020E00BE19ED /* Product */ = {
			isa = PBXGroup;
			children = (
				00BBF5822AE99CB000BE19ED /* Sort+Filter */,
				00BBF5812AE992BE00BE19ED /* RecentViewed */,
				00BBF5802AE992A700BE19ED /* Sales */,
				00BBF57F2AE9929000BE19ED /* Search */,
				00AD092D2AFA823900F2A120 /* ImageGalleryView.swift */,
				00BBF5552AE802A300BE19ED /* ProductsUIView.swift */,
				00BBF55B2AE803C000BE19ED /* ProductDetailUIView.swift */,
				00BBF55D2AE803DD00BE19ED /* ProductCellUIView.swift */,
				00BBF5732AE955EF00BE19ED /* ProductsHomeUIView.swift */,
				00BBF5752AE9566200BE19ED /* ProductsCartUIView.swift */,
				00BBF5772AE9568600BE19ED /* ProductsFavoritesUIView.swift */,
			);
			path = Product;
			sourceTree = "<group>";
		};
		00BBF54F2AE8021300BE19ED /* Authentication */ = {
			isa = PBXGroup;
			children = (
				00BBF5572AE802BE00BE19ED /* AuthRegisterUIView.swift */,
				00BBF5692AE8876B00BE19ED /* AuthLoginUIView.swift */,
				00BBF56B2AE8878700BE19ED /* AuthForgotPassUIView.swift */,
				00BBF5652AE8330100BE19ED /* OvalTextFieldStyle.swift */,
				00BBF5672AE833D200BE19ED /* UnderlineTextFieldView.swift */,
			);
			path = Authentication;
			sourceTree = "<group>";
		};
		00BBF5502AE8022100BE19ED /* Cart */ = {
			isa = PBXGroup;
			children = (
			);
			path = Cart;
			sourceTree = "<group>";
		};
		00BBF5512AE8023200BE19ED /* Profile */ = {
			isa = PBXGroup;
			children = (
				00BBF5792AE956A700BE19ED /* ProductsProfileUIView.swift */,
			);
			path = Profile;
			sourceTree = "<group>";
		};
		00BBF5522AE8025700BE19ED /* Checkout */ = {
			isa = PBXGroup;
			children = (
			);
			path = Checkout;
			sourceTree = "<group>";
		};
		00BBF5592AE802FA00BE19ED /* Util */ = {
			isa = PBXGroup;
			children = (
				00BBF5852AEA7A8700BE19ED /* Extensions */,
				00BBF5622AE804F700BE19ED /* Styles */,
				00BBF5612AE804E600BE19ED /* Animations */,
				00BBF5602AE804D800BE19ED /* BiometricAuth */,
				00BBF55F2AE804C700BE19ED /* FirebaseAuth */,
				00BBF55A2AE8030200BE19ED /* CoreData */,
			);
			path = Util;
			sourceTree = "<group>";
		};
		00BBF55A2AE8030200BE19ED /* CoreData */ = {
			isa = PBXGroup;
			children = (
				00D269232AE17AC500CC6D93 /* Persistence.swift */,
				00C834652AF1C1EA0029484A /* DbCoreDataError.swift */,
				00D269252AE17AC500CC6D93 /* ShoppingApp.xcdatamodeld */,
			);
			path = CoreData;
			sourceTree = "<group>";
		};
		00BBF55F2AE804C700BE19ED /* FirebaseAuth */ = {
			isa = PBXGroup;
			children = (
				00C834612AF0FF030029484A /* FirebaseManager.swift */,
			);
			path = FirebaseAuth;
			sourceTree = "<group>";
		};
		00BBF5602AE804D800BE19ED /* BiometricAuth */ = {
			isa = PBXGroup;
			children = (
			);
			path = BiometricAuth;
			sourceTree = "<group>";
		};
		00BBF5612AE804E600BE19ED /* Animations */ = {
			isa = PBXGroup;
			children = (
			);
			path = Animations;
			sourceTree = "<group>";
		};
		00BBF5622AE804F700BE19ED /* Styles */ = {
			isa = PBXGroup;
			children = (
				00BBF5632AE80CFE00BE19ED /* Styles.swift */,
			);
			path = Styles;
			sourceTree = "<group>";
		};
		00BBF57F2AE9929000BE19ED /* Search */ = {
			isa = PBXGroup;
			children = (
				00AD092A2AFA575100F2A120 /* ProductSearchView.swift */,
				00BBF57D2AE97B2200BE19ED /* SearchBar.swift */,
			);
			path = Search;
			sourceTree = "<group>";
		};
		00BBF5802AE992A700BE19ED /* Sales */ = {
			isa = PBXGroup;
			children = (
			);
			path = Sales;
			sourceTree = "<group>";
		};
		00BBF5812AE992BE00BE19ED /* RecentViewed */ = {
			isa = PBXGroup;
			children = (
			);
			path = RecentViewed;
			sourceTree = "<group>";
		};
		00BBF5822AE99CB000BE19ED /* Sort+Filter */ = {
			isa = PBXGroup;
			children = (
				00BBF5832AE99CD300BE19ED /* FilterUIView.swift */,
			);
			path = "Sort+Filter";
			sourceTree = "<group>";
		};
		00BBF5852AEA7A8700BE19ED /* Extensions */ = {
			isa = PBXGroup;
			children = (
				00BBF5862AEA7AA200BE19ED /* SequenceExtension.swift */,
			);
			path = Extensions;
			sourceTree = "<group>";
		};
		00D2690E2AE17AC300CC6D93 = {
			isa = PBXGroup;
			children = (
				00D269192AE17AC300CC6D93 /* ShoppingApp */,
				00D2692F2AE17AC500CC6D93 /* ShoppingAppTests */,
				00D269392AE17AC500CC6D93 /* ShoppingAppUITests */,
				00D269182AE17AC300CC6D93 /* Products */,
			);
			sourceTree = "<group>";
		};
		00D269182AE17AC300CC6D93 /* Products */ = {
			isa = PBXGroup;
			children = (
				00D269172AE17AC300CC6D93 /* ShoppingApp.app */,
				00D2692C2AE17AC500CC6D93 /* ShoppingAppTests.xctest */,
				00D269362AE17AC500CC6D93 /* ShoppingAppUITests.xctest */,
			);
			name = Products;
			sourceTree = "<group>";
		};
		00D269192AE17AC300CC6D93 /* ShoppingApp */ = {
			isa = PBXGroup;
			children = (
				00C834442AEEEB0A0029484A /* GoogleService-Info.plist */,
				00BBF5592AE802FA00BE19ED /* Util */,
				00D2694D2AE17E6600CC6D93 /* Model */,
				00D2694C2AE17E5700CC6D93 /* Network */,
				00D2694B2AE17E4E00CC6D93 /* View */,
				00D2694A2AE17E2E00CC6D93 /* ViewModel */,
				00D269492AE17E2200CC6D93 /* Repository */,
				00D2691E2AE17AC500CC6D93 /* Assets.xcassets */,
				00D269202AE17AC500CC6D93 /* Preview Content */,
				00AD092F2AFA8B7A00F2A120 /* test.swift */,
			);
			path = ShoppingApp;
			sourceTree = "<group>";
		};
		00D269202AE17AC500CC6D93 /* Preview Content */ = {
			isa = PBXGroup;
			children = (
				00D269212AE17AC500CC6D93 /* Preview Assets.xcassets */,
			);
			path = "Preview Content";
			sourceTree = "<group>";
		};
		00D2692F2AE17AC500CC6D93 /* ShoppingAppTests */ = {
			isa = PBXGroup;
			children = (
				00D269302AE17AC500CC6D93 /* ShoppingAppTests.swift */,
			);
			path = ShoppingAppTests;
			sourceTree = "<group>";
		};
		00D269392AE17AC500CC6D93 /* ShoppingAppUITests */ = {
			isa = PBXGroup;
			children = (
				00D2693A2AE17AC500CC6D93 /* ShoppingAppUITests.swift */,
				00D2693C2AE17AC500CC6D93 /* ShoppingAppUITestsLaunchTests.swift */,
			);
			path = ShoppingAppUITests;
			sourceTree = "<group>";
		};
		00D269492AE17E2200CC6D93 /* Repository */ = {
			isa = PBXGroup;
			children = (
				00BBF5452AE7FEAE00BE19ED /* ProductRepository.swift */,
				00C834632AF157480029484A /* ProductCoreDataRepository.swift */,
			);
			path = Repository;
			sourceTree = "<group>";
		};
		00D2694A2AE17E2E00CC6D93 /* ViewModel */ = {
			isa = PBXGroup;
			children = (
				00BBF5472AE7FFCC00BE19ED /* ProductViewModel.swift */,
				00C8345D2AF046360029484A /* LoginViewModel.swift */,
			);
			path = ViewModel;
			sourceTree = "<group>";
		};
		00D2694B2AE17E4E00CC6D93 /* View */ = {
			isa = PBXGroup;
			children = (
				00BBF54F2AE8021300BE19ED /* Authentication */,
				00BBF5492AE8009600BE19ED /* ViewState.swift */,
				00D2691A2AE17AC300CC6D93 /* ShoppingAppApp.swift */,
				00BBF5522AE8025700BE19ED /* Checkout */,
				00BBF5512AE8023200BE19ED /* Profile */,
				00BBF5502AE8022100BE19ED /* Cart */,
				00BBF54E2AE8020E00BE19ED /* Product */,
				00BBF54D2AE8020700BE19ED /* OnBoarding */,
				00D2694E2AE17E7F00CC6D93 /* ImageView */,
				00D2694F2AE17E9300CC6D93 /* Localizable.strings */,
			);
			path = View;
			sourceTree = "<group>";
		};
		00D2694C2AE17E5700CC6D93 /* Network */ = {
			isa = PBXGroup;
			children = (
				00BBF53A2AE7FBF000BE19ED /* Networking.swift */,
				00BBF53C2AE7FC3000BE19ED /* ApiEndPoint.swift */,
				00BBF53E2AE7FCBC00BE19ED /* NetworkError.swift */,
				00BBF5402AE7FCE700BE19ED /* NetworkManager.swift */,
			);
			path = Network;
			sourceTree = "<group>";
		};
		00D2694D2AE17E6600CC6D93 /* Model */ = {
			isa = PBXGroup;
			children = (
				00BBF5422AE7FE1800BE19ED /* OnlineStore.swift */,
				00BBF56F2AE913B800BE19ED /* Onboarding.swift */,
				00C8345F2AF046680029484A /* User.swift */,
			);
			path = Model;
			sourceTree = "<group>";
		};
		00D2694E2AE17E7F00CC6D93 /* ImageView */ = {
			isa = PBXGroup;
			children = (
				00D269512AE17EB500CC6D93 /* CacheAsyncImage.swift */,
				00D269532AE17ED400CC6D93 /* ProductAsyncImageView.swift */,
			);
			path = ImageView;
			sourceTree = "<group>";
		};
/* End PBXGroup section */

/* Begin PBXNativeTarget section */
		00D269162AE17AC300CC6D93 /* ShoppingApp */ = {
			isa = PBXNativeTarget;
			buildConfigurationList = 00D269402AE17AC500CC6D93 /* Build configuration list for PBXNativeTarget "ShoppingApp" */;
			buildPhases = (
				00D269132AE17AC300CC6D93 /* Sources */,
				00D269142AE17AC300CC6D93 /* Frameworks */,
				00D269152AE17AC300CC6D93 /* Resources */,
			);
			buildRules = (
			);
			dependencies = (
			);
			name = ShoppingApp;
			packageProductDependencies = (
				00C834472AEEEC860029484A /* FirebaseAnalytics */,
				00C834492AEEEC860029484A /* FirebaseAuth */,
				00C8344B2AEEEC860029484A /* FirebaseAuthCombine-Community */,
				00C8344D2AEEEC860029484A /* FirebaseCrashlytics */,
				00C8344F2AEEEC860029484A /* FirebaseDatabase */,
				00C834512AEEEC860029484A /* FirebaseDatabaseSwift */,
				00C834532AEEEC860029484A /* FirebaseFirestore */,
				00C834552AEEEC860029484A /* FirebaseFirestoreCombine-Community */,
				00C834572AEEEC860029484A /* FirebaseFirestoreSwift */,
				00C834592AEEEC860029484A /* FirebaseStorage */,
				00C8345B2AEEEC860029484A /* FirebaseStorageCombine-Community */,
			);
			productName = ShoppingApp;
			productReference = 00D269172AE17AC300CC6D93 /* ShoppingApp.app */;
			productType = "com.apple.product-type.application";
		};
		00D2692B2AE17AC500CC6D93 /* ShoppingAppTests */ = {
			isa = PBXNativeTarget;
			buildConfigurationList = 00D269432AE17AC500CC6D93 /* Build configuration list for PBXNativeTarget "ShoppingAppTests" */;
			buildPhases = (
				00D269282AE17AC500CC6D93 /* Sources */,
				00D269292AE17AC500CC6D93 /* Frameworks */,
				00D2692A2AE17AC500CC6D93 /* Resources */,
			);
			buildRules = (
			);
			dependencies = (
				00D2692E2AE17AC500CC6D93 /* PBXTargetDependency */,
			);
			name = ShoppingAppTests;
			productName = ShoppingAppTests;
			productReference = 00D2692C2AE17AC500CC6D93 /* ShoppingAppTests.xctest */;
			productType = "com.apple.product-type.bundle.unit-test";
		};
		00D269352AE17AC500CC6D93 /* ShoppingAppUITests */ = {
			isa = PBXNativeTarget;
			buildConfigurationList = 00D269462AE17AC500CC6D93 /* Build configuration list for PBXNativeTarget "ShoppingAppUITests" */;
			buildPhases = (
				00D269322AE17AC500CC6D93 /* Sources */,
				00D269332AE17AC500CC6D93 /* Frameworks */,
				00D269342AE17AC500CC6D93 /* Resources */,
			);
			buildRules = (
			);
			dependencies = (
				00D269382AE17AC500CC6D93 /* PBXTargetDependency */,
			);
			name = ShoppingAppUITests;
			productName = ShoppingAppUITests;
			productReference = 00D269362AE17AC500CC6D93 /* ShoppingAppUITests.xctest */;
			productType = "com.apple.product-type.bundle.ui-testing";
		};
/* End PBXNativeTarget section */

/* Begin PBXProject section */
		00D2690F2AE17AC300CC6D93 /* Project object */ = {
			isa = PBXProject;
			attributes = {
				BuildIndependentTargetsInParallel = 1;
				LastSwiftUpdateCheck = 1430;
				LastUpgradeCheck = 1430;
				TargetAttributes = {
					00D269162AE17AC300CC6D93 = {
						CreatedOnToolsVersion = 14.3.1;
					};
					00D2692B2AE17AC500CC6D93 = {
						CreatedOnToolsVersion = 14.3.1;
						TestTargetID = 00D269162AE17AC300CC6D93;
					};
					00D269352AE17AC500CC6D93 = {
						CreatedOnToolsVersion = 14.3.1;
						TestTargetID = 00D269162AE17AC300CC6D93;
					};
				};
			};
			buildConfigurationList = 00D269122AE17AC300CC6D93 /* Build configuration list for PBXProject "ShoppingApp" */;
			compatibilityVersion = "Xcode 14.0";
			developmentRegion = en;
			hasScannedForEncodings = 0;
			knownRegions = (
				en,
				Base,
			);
			mainGroup = 00D2690E2AE17AC300CC6D93;
			packageReferences = (
				00C834462AEEEC860029484A /* XCRemoteSwiftPackageReference "firebase-ios-sdk" */,
			);
			productRefGroup = 00D269182AE17AC300CC6D93 /* Products */;
			projectDirPath = "";
			projectRoot = "";
			targets = (
				00D269162AE17AC300CC6D93 /* ShoppingApp */,
				00D2692B2AE17AC500CC6D93 /* ShoppingAppTests */,
				00D269352AE17AC500CC6D93 /* ShoppingAppUITests */,
			);
		};
/* End PBXProject section */

/* Begin PBXResourcesBuildPhase section */
		00D269152AE17AC300CC6D93 /* Resources */ = {
			isa = PBXResourcesBuildPhase;
			buildActionMask = 2147483647;
			files = (
				00D269222AE17AC500CC6D93 /* Preview Assets.xcassets in Resources */,
				00C834452AEEEB0A0029484A /* GoogleService-Info.plist in Resources */,
				00D269502AE17E9300CC6D93 /* Localizable.strings in Resources */,
				00D2691F2AE17AC500CC6D93 /* Assets.xcassets in Resources */,
			);
			runOnlyForDeploymentPostprocessing = 0;
		};
		00D2692A2AE17AC500CC6D93 /* Resources */ = {
			isa = PBXResourcesBuildPhase;
			buildActionMask = 2147483647;
			files = (
			);
			runOnlyForDeploymentPostprocessing = 0;
		};
		00D269342AE17AC500CC6D93 /* Resources */ = {
			isa = PBXResourcesBuildPhase;
			buildActionMask = 2147483647;
			files = (
			);
			runOnlyForDeploymentPostprocessing = 0;
		};
/* End PBXResourcesBuildPhase section */

/* Begin PBXSourcesBuildPhase section */
		00D269132AE17AC300CC6D93 /* Sources */ = {
			isa = PBXSourcesBuildPhase;
			buildActionMask = 2147483647;
			files = (
				00BBF5742AE955EF00BE19ED /* ProductsHomeUIView.swift in Sources */,
				00BBF56C2AE8878700BE19ED /* AuthForgotPassUIView.swift in Sources */,
				00D269242AE17AC500CC6D93 /* Persistence.swift in Sources */,
				00BBF5872AEA7AA200BE19ED /* SequenceExtension.swift in Sources */,
				00D269522AE17EB500CC6D93 /* CacheAsyncImage.swift in Sources */,
				00BBF5412AE7FCE700BE19ED /* NetworkManager.swift in Sources */,
				00BBF5542AE8028600BE19ED /* OnboardingUIView.swift in Sources */,
				00C834662AF1C1EA0029484A /* DbCoreDataError.swift in Sources */,
				00D269272AE17AC500CC6D93 /* ShoppingApp.xcdatamodeld in Sources */,
				00BBF53B2AE7FBF000BE19ED /* Networking.swift in Sources */,
				00BBF5482AE7FFCC00BE19ED /* ProductViewModel.swift in Sources */,
				00C8345E2AF046360029484A /* LoginViewModel.swift in Sources */,
				00D269542AE17ED400CC6D93 /* ProductAsyncImageView.swift in Sources */,
				00AD09302AFA8B7A00F2A120 /* test.swift in Sources */,
				00C834622AF0FF030029484A /* FirebaseManager.swift in Sources */,
				00BBF55E2AE803DD00BE19ED /* ProductCellUIView.swift in Sources */,
				00C834602AF046680029484A /* User.swift in Sources */,
				00BBF5842AE99CD300BE19ED /* FilterUIView.swift in Sources */,
				00BBF54A2AE8009600BE19ED /* ViewState.swift in Sources */,
				00BBF5642AE80CFE00BE19ED /* Styles.swift in Sources */,
				00BBF53F2AE7FCBC00BE19ED /* NetworkError.swift in Sources */,
				00C834642AF157480029484A /* ProductCoreDataRepository.swift in Sources */,
				00D2691B2AE17AC300CC6D93 /* ShoppingAppApp.swift in Sources */,
				00BBF5562AE802A300BE19ED /* ProductsUIView.swift in Sources */,
				00BBF5682AE833D200BE19ED /* UnderlineTextFieldView.swift in Sources */,
				00BBF53D2AE7FC3000BE19ED /* ApiEndPoint.swift in Sources */,
				00BBF56A2AE8876B00BE19ED /* AuthLoginUIView.swift in Sources */,
				00BBF57E2AE97B2200BE19ED /* SearchBar.swift in Sources */,
				00BBF5582AE802BE00BE19ED /* AuthRegisterUIView.swift in Sources */,
				00BBF55C2AE803C000BE19ED /* ProductDetailUIView.swift in Sources */,
				00BBF5722AE9156200BE19ED /* WelcomeUIView.swift in Sources */,
				00BBF5432AE7FE1800BE19ED /* OnlineStore.swift in Sources */,
				00BBF5702AE913B800BE19ED /* Onboarding.swift in Sources */,
				00BBF5782AE9568600BE19ED /* ProductsFavoritesUIView.swift in Sources */,
				00AD092B2AFA575100F2A120 /* ProductSearchView.swift in Sources */,
				00BBF57A2AE956A700BE19ED /* ProductsProfileUIView.swift in Sources */,
				00BBF5462AE7FEAE00BE19ED /* ProductRepository.swift in Sources */,
				00AD092E2AFA823900F2A120 /* ImageGalleryView.swift in Sources */,
				00BBF5762AE9566200BE19ED /* ProductsCartUIView.swift in Sources */,
				00BBF5662AE8330100BE19ED /* OvalTextFieldStyle.swift in Sources */,
			);
			runOnlyForDeploymentPostprocessing = 0;
		};
		00D269282AE17AC500CC6D93 /* Sources */ = {
			isa = PBXSourcesBuildPhase;
			buildActionMask = 2147483647;
			files = (
				00D269312AE17AC500CC6D93 /* ShoppingAppTests.swift in Sources */,
			);
			runOnlyForDeploymentPostprocessing = 0;
		};
		00D269322AE17AC500CC6D93 /* Sources */ = {
			isa = PBXSourcesBuildPhase;
			buildActionMask = 2147483647;
			files = (
				00D2693D2AE17AC500CC6D93 /* ShoppingAppUITestsLaunchTests.swift in Sources */,
				00D2693B2AE17AC500CC6D93 /* ShoppingAppUITests.swift in Sources */,
			);
			runOnlyForDeploymentPostprocessing = 0;
		};
/* End PBXSourcesBuildPhase section */

/* Begin PBXTargetDependency section */
		00D2692E2AE17AC500CC6D93 /* PBXTargetDependency */ = {
			isa = PBXTargetDependency;
			target = 00D269162AE17AC300CC6D93 /* ShoppingApp */;
			targetProxy = 00D2692D2AE17AC500CC6D93 /* PBXContainerItemProxy */;
		};
		00D269382AE17AC500CC6D93 /* PBXTargetDependency */ = {
			isa = PBXTargetDependency;
			target = 00D269162AE17AC300CC6D93 /* ShoppingApp */;
			targetProxy = 00D269372AE17AC500CC6D93 /* PBXContainerItemProxy */;
		};
/* End PBXTargetDependency section */

/* Begin XCBuildConfiguration section */
		00D2693E2AE17AC500CC6D93 /* Debug */ = {
			isa = XCBuildConfiguration;
			buildSettings = {
				ALWAYS_SEARCH_USER_PATHS = NO;
				CLANG_ANALYZER_NONNULL = YES;
				CLANG_ANALYZER_NUMBER_OBJECT_CONVERSION = YES_AGGRESSIVE;
				CLANG_CXX_LANGUAGE_STANDARD = "gnu++20";
				CLANG_ENABLE_MODULES = YES;
				CLANG_ENABLE_OBJC_ARC = YES;
				CLANG_ENABLE_OBJC_WEAK = YES;
				CLANG_WARN_BLOCK_CAPTURE_AUTORELEASING = YES;
				CLANG_WARN_BOOL_CONVERSION = YES;
				CLANG_WARN_COMMA = YES;
				CLANG_WARN_CONSTANT_CONVERSION = YES;
				CLANG_WARN_DEPRECATED_OBJC_IMPLEMENTATIONS = YES;
				CLANG_WARN_DIRECT_OBJC_ISA_USAGE = YES_ERROR;
				CLANG_WARN_DOCUMENTATION_COMMENTS = YES;
				CLANG_WARN_EMPTY_BODY = YES;
				CLANG_WARN_ENUM_CONVERSION = YES;
				CLANG_WARN_INFINITE_RECURSION = YES;
				CLANG_WARN_INT_CONVERSION = YES;
				CLANG_WARN_NON_LITERAL_NULL_CONVERSION = YES;
				CLANG_WARN_OBJC_IMPLICIT_RETAIN_SELF = YES;
				CLANG_WARN_OBJC_LITERAL_CONVERSION = YES;
				CLANG_WARN_OBJC_ROOT_CLASS = YES_ERROR;
				CLANG_WARN_QUOTED_INCLUDE_IN_FRAMEWORK_HEADER = YES;
				CLANG_WARN_RANGE_LOOP_ANALYSIS = YES;
				CLANG_WARN_STRICT_PROTOTYPES = YES;
				CLANG_WARN_SUSPICIOUS_MOVE = YES;
				CLANG_WARN_UNGUARDED_AVAILABILITY = YES_AGGRESSIVE;
				CLANG_WARN_UNREACHABLE_CODE = YES;
				CLANG_WARN__DUPLICATE_METHOD_MATCH = YES;
				COPY_PHASE_STRIP = NO;
				DEBUG_INFORMATION_FORMAT = dwarf;
				ENABLE_STRICT_OBJC_MSGSEND = YES;
				ENABLE_TESTABILITY = YES;
				GCC_C_LANGUAGE_STANDARD = gnu11;
				GCC_DYNAMIC_NO_PIC = NO;
				GCC_NO_COMMON_BLOCKS = YES;
				GCC_OPTIMIZATION_LEVEL = 0;
				GCC_PREPROCESSOR_DEFINITIONS = (
					"DEBUG=1",
					"$(inherited)",
				);
				GCC_WARN_64_TO_32_BIT_CONVERSION = YES;
				GCC_WARN_ABOUT_RETURN_TYPE = YES_ERROR;
				GCC_WARN_UNDECLARED_SELECTOR = YES;
				GCC_WARN_UNINITIALIZED_AUTOS = YES_AGGRESSIVE;
				GCC_WARN_UNUSED_FUNCTION = YES;
				GCC_WARN_UNUSED_VARIABLE = YES;
				IPHONEOS_DEPLOYMENT_TARGET = 16.4;
				MTL_ENABLE_DEBUG_INFO = INCLUDE_SOURCE;
				MTL_FAST_MATH = YES;
				ONLY_ACTIVE_ARCH = YES;
				SDKROOT = iphoneos;
				SWIFT_ACTIVE_COMPILATION_CONDITIONS = DEBUG;
				SWIFT_OPTIMIZATION_LEVEL = "-Onone";
			};
			name = Debug;
		};
		00D2693F2AE17AC500CC6D93 /* Release */ = {
			isa = XCBuildConfiguration;
			buildSettings = {
				ALWAYS_SEARCH_USER_PATHS = NO;
				CLANG_ANALYZER_NONNULL = YES;
				CLANG_ANALYZER_NUMBER_OBJECT_CONVERSION = YES_AGGRESSIVE;
				CLANG_CXX_LANGUAGE_STANDARD = "gnu++20";
				CLANG_ENABLE_MODULES = YES;
				CLANG_ENABLE_OBJC_ARC = YES;
				CLANG_ENABLE_OBJC_WEAK = YES;
				CLANG_WARN_BLOCK_CAPTURE_AUTORELEASING = YES;
				CLANG_WARN_BOOL_CONVERSION = YES;
				CLANG_WARN_COMMA = YES;
				CLANG_WARN_CONSTANT_CONVERSION = YES;
				CLANG_WARN_DEPRECATED_OBJC_IMPLEMENTATIONS = YES;
				CLANG_WARN_DIRECT_OBJC_ISA_USAGE = YES_ERROR;
				CLANG_WARN_DOCUMENTATION_COMMENTS = YES;
				CLANG_WARN_EMPTY_BODY = YES;
				CLANG_WARN_ENUM_CONVERSION = YES;
				CLANG_WARN_INFINITE_RECURSION = YES;
				CLANG_WARN_INT_CONVERSION = YES;
				CLANG_WARN_NON_LITERAL_NULL_CONVERSION = YES;
				CLANG_WARN_OBJC_IMPLICIT_RETAIN_SELF = YES;
				CLANG_WARN_OBJC_LITERAL_CONVERSION = YES;
				CLANG_WARN_OBJC_ROOT_CLASS = YES_ERROR;
				CLANG_WARN_QUOTED_INCLUDE_IN_FRAMEWORK_HEADER = YES;
				CLANG_WARN_RANGE_LOOP_ANALYSIS = YES;
				CLANG_WARN_STRICT_PROTOTYPES = YES;
				CLANG_WARN_SUSPICIOUS_MOVE = YES;
				CLANG_WARN_UNGUARDED_AVAILABILITY = YES_AGGRESSIVE;
				CLANG_WARN_UNREACHABLE_CODE = YES;
				CLANG_WARN__DUPLICATE_METHOD_MATCH = YES;
				COPY_PHASE_STRIP = NO;
				DEBUG_INFORMATION_FORMAT = "dwarf-with-dsym";
				ENABLE_NS_ASSERTIONS = NO;
				ENABLE_STRICT_OBJC_MSGSEND = YES;
				GCC_C_LANGUAGE_STANDARD = gnu11;
				GCC_NO_COMMON_BLOCKS = YES;
				GCC_WARN_64_TO_32_BIT_CONVERSION = YES;
				GCC_WARN_ABOUT_RETURN_TYPE = YES_ERROR;
				GCC_WARN_UNDECLARED_SELECTOR = YES;
				GCC_WARN_UNINITIALIZED_AUTOS = YES_AGGRESSIVE;
				GCC_WARN_UNUSED_FUNCTION = YES;
				GCC_WARN_UNUSED_VARIABLE = YES;
				IPHONEOS_DEPLOYMENT_TARGET = 16.4;
				MTL_ENABLE_DEBUG_INFO = NO;
				MTL_FAST_MATH = YES;
				SDKROOT = iphoneos;
				SWIFT_COMPILATION_MODE = wholemodule;
				SWIFT_OPTIMIZATION_LEVEL = "-O";
				VALIDATE_PRODUCT = YES;
			};
			name = Release;
		};
		00D269412AE17AC500CC6D93 /* Debug */ = {
			isa = XCBuildConfiguration;
			buildSettings = {
				ASSETCATALOG_COMPILER_APPICON_NAME = AppIcon;
				ASSETCATALOG_COMPILER_GLOBAL_ACCENT_COLOR_NAME = AccentColor;
				CODE_SIGN_STYLE = Automatic;
				CURRENT_PROJECT_VERSION = 1;
				DEVELOPMENT_ASSET_PATHS = "\"ShoppingApp/Preview Content\"";
				DEVELOPMENT_TEAM = V46TG78LMG;
				ENABLE_PREVIEWS = YES;
				GENERATE_INFOPLIST_FILE = YES;
				INFOPLIST_KEY_UIApplicationSceneManifest_Generation = YES;
				INFOPLIST_KEY_UIApplicationSupportsIndirectInputEvents = YES;
				INFOPLIST_KEY_UILaunchScreen_Generation = YES;
				INFOPLIST_KEY_UISupportedInterfaceOrientations_iPad = "UIInterfaceOrientationPortrait UIInterfaceOrientationPortraitUpsideDown UIInterfaceOrientationLandscapeLeft UIInterfaceOrientationLandscapeRight";
				INFOPLIST_KEY_UISupportedInterfaceOrientations_iPhone = "UIInterfaceOrientationPortrait UIInterfaceOrientationLandscapeLeft UIInterfaceOrientationLandscapeRight";
				LD_RUNPATH_SEARCH_PATHS = (
					"$(inherited)",
					"@executable_path/Frameworks",
				);
				MARKETING_VERSION = 1.0;
				PRODUCT_BUNDLE_IDENTIFIER = FieldEng.ShoppingApp;
				PRODUCT_NAME = "$(TARGET_NAME)";
				SWIFT_EMIT_LOC_STRINGS = YES;
				SWIFT_VERSION = 5.0;
				TARGETED_DEVICE_FAMILY = "1,2";
			};
			name = Debug;
		};
		00D269422AE17AC500CC6D93 /* Release */ = {
			isa = XCBuildConfiguration;
			buildSettings = {
				ASSETCATALOG_COMPILER_APPICON_NAME = AppIcon;
				ASSETCATALOG_COMPILER_GLOBAL_ACCENT_COLOR_NAME = AccentColor;
				CODE_SIGN_STYLE = Automatic;
				CURRENT_PROJECT_VERSION = 1;
				DEVELOPMENT_ASSET_PATHS = "\"ShoppingApp/Preview Content\"";
				DEVELOPMENT_TEAM = V46TG78LMG;
				ENABLE_PREVIEWS = YES;
				GENERATE_INFOPLIST_FILE = YES;
				INFOPLIST_KEY_UIApplicationSceneManifest_Generation = YES;
				INFOPLIST_KEY_UIApplicationSupportsIndirectInputEvents = YES;
				INFOPLIST_KEY_UILaunchScreen_Generation = YES;
				INFOPLIST_KEY_UISupportedInterfaceOrientations_iPad = "UIInterfaceOrientationPortrait UIInterfaceOrientationPortraitUpsideDown UIInterfaceOrientationLandscapeLeft UIInterfaceOrientationLandscapeRight";
				INFOPLIST_KEY_UISupportedInterfaceOrientations_iPhone = "UIInterfaceOrientationPortrait UIInterfaceOrientationLandscapeLeft UIInterfaceOrientationLandscapeRight";
				LD_RUNPATH_SEARCH_PATHS = (
					"$(inherited)",
					"@executable_path/Frameworks",
				);
				MARKETING_VERSION = 1.0;
				PRODUCT_BUNDLE_IDENTIFIER = FieldEng.ShoppingApp;
				PRODUCT_NAME = "$(TARGET_NAME)";
				SWIFT_EMIT_LOC_STRINGS = YES;
				SWIFT_VERSION = 5.0;
				TARGETED_DEVICE_FAMILY = "1,2";
			};
			name = Release;
		};
		00D269442AE17AC500CC6D93 /* Debug */ = {
			isa = XCBuildConfiguration;
			buildSettings = {
				ALWAYS_EMBED_SWIFT_STANDARD_LIBRARIES = YES;
				BUNDLE_LOADER = "$(TEST_HOST)";
				CODE_SIGN_STYLE = Automatic;
				CURRENT_PROJECT_VERSION = 1;
				DEVELOPMENT_TEAM = V46TG78LMG;
				GENERATE_INFOPLIST_FILE = YES;
				IPHONEOS_DEPLOYMENT_TARGET = 16.4;
				MARKETING_VERSION = 1.0;
				PRODUCT_BUNDLE_IDENTIFIER = FieldEng.ShoppingAppTests;
				PRODUCT_NAME = "$(TARGET_NAME)";
				SWIFT_EMIT_LOC_STRINGS = NO;
				SWIFT_VERSION = 5.0;
				TARGETED_DEVICE_FAMILY = "1,2";
				TEST_HOST = "$(BUILT_PRODUCTS_DIR)/ShoppingApp.app/$(BUNDLE_EXECUTABLE_FOLDER_PATH)/ShoppingApp";
			};
			name = Debug;
		};
		00D269452AE17AC500CC6D93 /* Release */ = {
			isa = XCBuildConfiguration;
			buildSettings = {
				ALWAYS_EMBED_SWIFT_STANDARD_LIBRARIES = YES;
				BUNDLE_LOADER = "$(TEST_HOST)";
				CODE_SIGN_STYLE = Automatic;
				CURRENT_PROJECT_VERSION = 1;
				DEVELOPMENT_TEAM = V46TG78LMG;
				GENERATE_INFOPLIST_FILE = YES;
				IPHONEOS_DEPLOYMENT_TARGET = 16.4;
				MARKETING_VERSION = 1.0;
				PRODUCT_BUNDLE_IDENTIFIER = FieldEng.ShoppingAppTests;
				PRODUCT_NAME = "$(TARGET_NAME)";
				SWIFT_EMIT_LOC_STRINGS = NO;
				SWIFT_VERSION = 5.0;
				TARGETED_DEVICE_FAMILY = "1,2";
				TEST_HOST = "$(BUILT_PRODUCTS_DIR)/ShoppingApp.app/$(BUNDLE_EXECUTABLE_FOLDER_PATH)/ShoppingApp";
			};
			name = Release;
		};
		00D269472AE17AC500CC6D93 /* Debug */ = {
			isa = XCBuildConfiguration;
			buildSettings = {
				ALWAYS_EMBED_SWIFT_STANDARD_LIBRARIES = YES;
				CODE_SIGN_STYLE = Automatic;
				CURRENT_PROJECT_VERSION = 1;
				DEVELOPMENT_TEAM = V46TG78LMG;
				GENERATE_INFOPLIST_FILE = YES;
				MARKETING_VERSION = 1.0;
				PRODUCT_BUNDLE_IDENTIFIER = FieldEng.ShoppingAppUITests;
				PRODUCT_NAME = "$(TARGET_NAME)";
				SWIFT_EMIT_LOC_STRINGS = NO;
				SWIFT_VERSION = 5.0;
				TARGETED_DEVICE_FAMILY = "1,2";
				TEST_TARGET_NAME = ShoppingApp;
			};
			name = Debug;
		};
		00D269482AE17AC500CC6D93 /* Release */ = {
			isa = XCBuildConfiguration;
			buildSettings = {
				ALWAYS_EMBED_SWIFT_STANDARD_LIBRARIES = YES;
				CODE_SIGN_STYLE = Automatic;
				CURRENT_PROJECT_VERSION = 1;
				DEVELOPMENT_TEAM = V46TG78LMG;
				GENERATE_INFOPLIST_FILE = YES;
				MARKETING_VERSION = 1.0;
				PRODUCT_BUNDLE_IDENTIFIER = FieldEng.ShoppingAppUITests;
				PRODUCT_NAME = "$(TARGET_NAME)";
				SWIFT_EMIT_LOC_STRINGS = NO;
				SWIFT_VERSION = 5.0;
				TARGETED_DEVICE_FAMILY = "1,2";
				TEST_TARGET_NAME = ShoppingApp;
			};
			name = Release;
		};
/* End XCBuildConfiguration section */

/* Begin XCConfigurationList section */
		00D269122AE17AC300CC6D93 /* Build configuration list for PBXProject "ShoppingApp" */ = {
			isa = XCConfigurationList;
			buildConfigurations = (
				00D2693E2AE17AC500CC6D93 /* Debug */,
				00D2693F2AE17AC500CC6D93 /* Release */,
			);
			defaultConfigurationIsVisible = 0;
			defaultConfigurationName = Release;
		};
		00D269402AE17AC500CC6D93 /* Build configuration list for PBXNativeTarget "ShoppingApp" */ = {
			isa = XCConfigurationList;
			buildConfigurations = (
				00D269412AE17AC500CC6D93 /* Debug */,
				00D269422AE17AC500CC6D93 /* Release */,
			);
			defaultConfigurationIsVisible = 0;
			defaultConfigurationName = Release;
		};
		00D269432AE17AC500CC6D93 /* Build configuration list for PBXNativeTarget "ShoppingAppTests" */ = {
			isa = XCConfigurationList;
			buildConfigurations = (
				00D269442AE17AC500CC6D93 /* Debug */,
				00D269452AE17AC500CC6D93 /* Release */,
			);
			defaultConfigurationIsVisible = 0;
			defaultConfigurationName = Release;
		};
		00D269462AE17AC500CC6D93 /* Build configuration list for PBXNativeTarget "ShoppingAppUITests" */ = {
			isa = XCConfigurationList;
			buildConfigurations = (
				00D269472AE17AC500CC6D93 /* Debug */,
				00D269482AE17AC500CC6D93 /* Release */,
			);
			defaultConfigurationIsVisible = 0;
			defaultConfigurationName = Release;
		};
/* End XCConfigurationList section */

/* Begin XCRemoteSwiftPackageReference section */
		00C834462AEEEC860029484A /* XCRemoteSwiftPackageReference "firebase-ios-sdk" */ = {
			isa = XCRemoteSwiftPackageReference;
			repositoryURL = "https://github.com/firebase/firebase-ios-sdk";
			requirement = {
				kind = upToNextMajorVersion;
				minimumVersion = 10.0.0;
			};
		};
/* End XCRemoteSwiftPackageReference section */

/* Begin XCSwiftPackageProductDependency section */
		00C834472AEEEC860029484A /* FirebaseAnalytics */ = {
			isa = XCSwiftPackageProductDependency;
			package = 00C834462AEEEC860029484A /* XCRemoteSwiftPackageReference "firebase-ios-sdk" */;
			productName = FirebaseAnalytics;
		};
		00C834492AEEEC860029484A /* FirebaseAuth */ = {
			isa = XCSwiftPackageProductDependency;
			package = 00C834462AEEEC860029484A /* XCRemoteSwiftPackageReference "firebase-ios-sdk" */;
			productName = FirebaseAuth;
		};
		00C8344B2AEEEC860029484A /* FirebaseAuthCombine-Community */ = {
			isa = XCSwiftPackageProductDependency;
			package = 00C834462AEEEC860029484A /* XCRemoteSwiftPackageReference "firebase-ios-sdk" */;
			productName = "FirebaseAuthCombine-Community";
		};
		00C8344D2AEEEC860029484A /* FirebaseCrashlytics */ = {
			isa = XCSwiftPackageProductDependency;
			package = 00C834462AEEEC860029484A /* XCRemoteSwiftPackageReference "firebase-ios-sdk" */;
			productName = FirebaseCrashlytics;
		};
		00C8344F2AEEEC860029484A /* FirebaseDatabase */ = {
			isa = XCSwiftPackageProductDependency;
			package = 00C834462AEEEC860029484A /* XCRemoteSwiftPackageReference "firebase-ios-sdk" */;
			productName = FirebaseDatabase;
		};
		00C834512AEEEC860029484A /* FirebaseDatabaseSwift */ = {
			isa = XCSwiftPackageProductDependency;
			package = 00C834462AEEEC860029484A /* XCRemoteSwiftPackageReference "firebase-ios-sdk" */;
			productName = FirebaseDatabaseSwift;
		};
		00C834532AEEEC860029484A /* FirebaseFirestore */ = {
			isa = XCSwiftPackageProductDependency;
			package = 00C834462AEEEC860029484A /* XCRemoteSwiftPackageReference "firebase-ios-sdk" */;
			productName = FirebaseFirestore;
		};
		00C834552AEEEC860029484A /* FirebaseFirestoreCombine-Community */ = {
			isa = XCSwiftPackageProductDependency;
			package = 00C834462AEEEC860029484A /* XCRemoteSwiftPackageReference "firebase-ios-sdk" */;
			productName = "FirebaseFirestoreCombine-Community";
		};
		00C834572AEEEC860029484A /* FirebaseFirestoreSwift */ = {
			isa = XCSwiftPackageProductDependency;
			package = 00C834462AEEEC860029484A /* XCRemoteSwiftPackageReference "firebase-ios-sdk" */;
			productName = FirebaseFirestoreSwift;
		};
		00C834592AEEEC860029484A /* FirebaseStorage */ = {
			isa = XCSwiftPackageProductDependency;
			package = 00C834462AEEEC860029484A /* XCRemoteSwiftPackageReference "firebase-ios-sdk" */;
			productName = FirebaseStorage;
		};
		00C8345B2AEEEC860029484A /* FirebaseStorageCombine-Community */ = {
			isa = XCSwiftPackageProductDependency;
			package = 00C834462AEEEC860029484A /* XCRemoteSwiftPackageReference "firebase-ios-sdk" */;
			productName = "FirebaseStorageCombine-Community";
		};
/* End XCSwiftPackageProductDependency section */

/* Begin XCVersionGroup section */
		00D269252AE17AC500CC6D93 /* ShoppingApp.xcdatamodeld */ = {
			isa = XCVersionGroup;
			children = (
				00D269262AE17AC500CC6D93 /* ShoppingApp.xcdatamodel */,
			);
			currentVersion = 00D269262AE17AC500CC6D93 /* ShoppingApp.xcdatamodel */;
			path = ShoppingApp.xcdatamodeld;
			sourceTree = "<group>";
			versionGroupType = wrapper.xcdatamodel;
		};
/* End XCVersionGroup section */
	};
	rootObject = 00D2690F2AE17AC300CC6D93 /* Project object */;
}
